
Microsoft Visual Studio Solution File, Format Version 12.00
Project("{FAE04EC0-301F-11D3-BF4B-00C04F79EFBC}") = "FactoryMethod", "FactoryMethod\FactoryMethod.csproj", "{C37D5068-3548-4590-B013-D5C6B0CE97D2}"
EndProject
Project("{FAE04EC0-301F-11D3-BF4B-00C04F79EFBC}") = "BuilderDesignPattern", "BuilderDesignPattern\BuilderDesignPattern.csproj", "{2D28B846-7380-4A70-9465-9A4CCD203413}"
EndProject
Global
	GlobalSection(SolutionConfigurationPlatforms) = preSolution
		Debug|Any CPU = Debug|Any CPU
		Release|Any CPU = Release|Any CPU
	EndGlobalSection
	GlobalSection(ProjectConfigurationPlatforms) = postSolution
		{C37D5068-3548-4590-B013-D5C6B0CE97D2}.Debug|Any CPU.ActiveCfg = Debug|Any CPU
		{C37D5068-3548-4590-B013-D5C6B0CE97D2}.Debug|Any CPU.Build.0 = Debug|Any CPU
		{C37D5068-3548-4590-B013-D5C6B0CE97D2}.Release|Any CPU.ActiveCfg = Release|Any CPU
		{C37D5068-3548-4590-B013-D5C6B0CE97D2}.Release|Any CPU.Build.0 = Release|Any CPU
		{2D28B846-7380-4A70-9465-9A4CCD203413}.Debug|Any CPU.ActiveCfg = Debug|Any CPU
		{2D28B846-7380-4A70-9465-9A4CCD203413}.Debug|Any CPU.Build.0 = Debug|Any CPU
		{2D28B846-7380-4A70-9465-9A4CCD203413}.Release|Any CPU.ActiveCfg = Release|Any CPU
		{2D28B846-7380-4A70-9465-9A4CCD203413}.Release|Any CPU.Build.0 = Release|Any CPU
	EndGlobalSection
EndGlobal
